
Microsoft Visual Studio Solution File, Format Version 12.00
# Visual Studio Version 17
VisualStudioVersion = 17.0.31903.59
MinimumVisualStudioVersion = 10.0.40219.1
Project("{FAE04EC0-301F-11D3-BF4B-00C04F79EFBC}") = "API", "API\API.csproj", "{F3BCCC14-CD97-4968-8BF3-78FC126398B8}"
EndProject
Project("{FAE04EC0-301F-11D3-BF4B-00C04F79EFBC}") = "Application", "Application\Application.csproj", "{8D5F5659-208D-4396-8EC6-7DD601E4FCF7}"
EndProject
Project("{FAE04EC0-301F-11D3-BF4B-00C04F79EFBC}") = "Domain", "Domain\Domain.csproj", "{D7C4660C-2B84-4032-B432-A3E584BB47C7}"
EndProject
Project("{FAE04EC0-301F-11D3-BF4B-00C04F79EFBC}") = "Persistence", "Persistence\Persistence.csproj", "{D8373F14-77DA-4FCF-8782-D391EADB388E}"
EndProject
Global
	GlobalSection(SolutionConfigurationPlatforms) = preSolution
		Debug|Any CPU = Debug|Any CPU
		Release|Any CPU = Release|Any CPU
	EndGlobalSection
	GlobalSection(SolutionProperties) = preSolution
		HideSolutionNode = FALSE
	EndGlobalSection
	GlobalSection(ProjectConfigurationPlatforms) = postSolution
		{F3BCCC14-CD97-4968-8BF3-78FC126398B8}.Debug|Any CPU.ActiveCfg = Debug|Any CPU
		{F3BCCC14-CD97-4968-8BF3-78FC126398B8}.Debug|Any CPU.Build.0 = Debug|Any CPU
		{F3BCCC14-CD97-4968-8BF3-78FC126398B8}.Release|Any CPU.ActiveCfg = Release|Any CPU
		{F3BCCC14-CD97-4968-8BF3-78FC126398B8}.Release|Any CPU.Build.0 = Release|Any CPU
		{8D5F5659-208D-4396-8EC6-7DD601E4FCF7}.Debug|Any CPU.ActiveCfg = Debug|Any CPU
		{8D5F5659-208D-4396-8EC6-7DD601E4FCF7}.Debug|Any CPU.Build.0 = Debug|Any CPU
		{8D5F5659-208D-4396-8EC6-7DD601E4FCF7}.Release|Any CPU.ActiveCfg = Release|Any CPU
		{8D5F5659-208D-4396-8EC6-7DD601E4FCF7}.Release|Any CPU.Build.0 = Release|Any CPU
		{D7C4660C-2B84-4032-B432-A3E584BB47C7}.Debug|Any CPU.ActiveCfg = Debug|Any CPU
		{D7C4660C-2B84-4032-B432-A3E584BB47C7}.Debug|Any CPU.Build.0 = Debug|Any CPU
		{D7C4660C-2B84-4032-B432-A3E584BB47C7}.Release|Any CPU.ActiveCfg = Release|Any CPU
		{D7C4660C-2B84-4032-B432-A3E584BB47C7}.Release|Any CPU.Build.0 = Release|Any CPU
		{D8373F14-77DA-4FCF-8782-D391EADB388E}.Debug|Any CPU.ActiveCfg = Debug|Any CPU
		{D8373F14-77DA-4FCF-8782-D391EADB388E}.Debug|Any CPU.Build.0 = Debug|Any CPU
		{D8373F14-77DA-4FCF-8782-D391EADB388E}.Release|Any CPU.ActiveCfg = Release|Any CPU
		{D8373F14-77DA-4FCF-8782-D391EADB388E}.Release|Any CPU.Build.0 = Release|Any CPU
	EndGlobalSection
EndGlobal
